
Microsoft Visual Studio Solution File, Format Version 12.00
# Visual Studio Version 16
VisualStudioVersion = 16.0.30002.166
MinimumVisualStudioVersion = 10.0.40219.1
Project("{FAE04EC0-301F-11D3-BF4B-00C04F79EFBC}") = "QuanLyBanHang", "QuanLyBanHang\QuanLyBanHang.csproj", "{9E040892-0CF8-4DCB-AFE9-AB80C5995890}"
EndProject
Project("{FAE04EC0-301F-11D3-BF4B-00C04F79EFBC}") = "Application.Data", "Application.Data\Application.Data.csproj", "{6987A84F-EC24-4493-94D4-F720B831729D}"
EndProject
Global
	GlobalSection(SolutionConfigurationPlatforms) = preSolution
		Debug|Any CPU = Debug|Any CPU
		Release|Any CPU = Release|Any CPU
	EndGlobalSection
	GlobalSection(ProjectConfigurationPlatforms) = postSolution
		{9E040892-0CF8-4DCB-AFE9-AB80C5995890}.Debug|Any CPU.ActiveCfg = Debug|Any CPU
		{9E040892-0CF8-4DCB-AFE9-AB80C5995890}.Debug|Any CPU.Build.0 = Debug|Any CPU
		{9E040892-0CF8-4DCB-AFE9-AB80C5995890}.Release|Any CPU.ActiveCfg = Release|Any CPU
		{9E040892-0CF8-4DCB-AFE9-AB80C5995890}.Release|Any CPU.Build.0 = Release|Any CPU
		{6987A84F-EC24-4493-94D4-F720B831729D}.Debug|Any CPU.ActiveCfg = Debug|Any CPU
		{6987A84F-EC24-4493-94D4-F720B831729D}.Debug|Any CPU.Build.0 = Debug|Any CPU
		{6987A84F-EC24-4493-94D4-F720B831729D}.Release|Any CPU.ActiveCfg = Release|Any CPU
		{6987A84F-EC24-4493-94D4-F720B831729D}.Release|Any CPU.Build.0 = Release|Any CPU
	EndGlobalSection
	GlobalSection(SolutionProperties) = preSolution
		HideSolutionNode = FALSE
	EndGlobalSection
	GlobalSection(ExtensibilityGlobals) = postSolution
		SolutionGuid = {39444A3B-A1F5-49AF-A4F4-E2092F966ADD}
	EndGlobalSection
EndGlobal
